// !$*UTF8*$!
{
	archiveVersion = 1;
	classes = {
	};
	objectVersion = 46;
	objects = {

/* Begin PBXBuildFile section */
		966A064B19FC35D100C6C82D /* main.m in Sources */ = {isa = PBXBuildFile; fileRef = 966A064A19FC35D100C6C82D /* main.m */; };
		966A064E19FC35D100C6C82D /* AppDelegate.m in Sources */ = {isa = PBXBuildFile; fileRef = 966A064D19FC35D100C6C82D /* AppDelegate.m */; };
		966A065919FC35D100C6C82D /* Images.xcassets in Resources */ = {isa = PBXBuildFile; fileRef = 966A065819FC35D100C6C82D /* Images.xcassets */; };
		966A065C19FC35D100C6C82D /* LaunchScreen.xib in Resources */ = {isa = PBXBuildFile; fileRef = 966A065A19FC35D100C6C82D /* LaunchScreen.xib */; };
		966A066819FC35D100C6C82D /* StudyHuddleTests.m in Sources */ = {isa = PBXBuildFile; fileRef = 966A066719FC35D100C6C82D /* StudyHuddleTests.m */; };
/* End PBXBuildFile section */

/* Begin PBXContainerItemProxy section */
		966A066219FC35D100C6C82D /* PBXContainerItemProxy */ = {
			isa = PBXContainerItemProxy;
			containerPortal = 966A063D19FC35D100C6C82D /* Project object */;
			proxyType = 1;
			remoteGlobalIDString = 966A064419FC35D100C6C82D;
			remoteInfo = StudyHuddle;
		};
/* End PBXContainerItemProxy section */

/* Begin PBXFileReference section */
		966A064519FC35D100C6C82D /* StudyHuddle.app */ = {isa = PBXFileReference; explicitFileType = wrapper.application; includeInIndex = 0; path = StudyHuddle.app; sourceTree = BUILT_PRODUCTS_DIR; };
		966A064919FC35D100C6C82D /* Info.plist */ = {isa = PBXFileReference; lastKnownFileType = text.plist.xml; path = Info.plist; sourceTree = "<group>"; };
		966A064A19FC35D100C6C82D /* main.m */ = {isa = PBXFileReference; lastKnownFileType = sourcecode.c.objc; path = main.m; sourceTree = "<group>"; };
		966A064C19FC35D100C6C82D /* AppDelegate.h */ = {isa = PBXFileReference; lastKnownFileType = sourcecode.c.h; path = AppDelegate.h; sourceTree = "<group>"; };
		966A064D19FC35D100C6C82D /* AppDelegate.m */ = {isa = PBXFileReference; lastKnownFileType = sourcecode.c.objc; path = AppDelegate.m; sourceTree = "<group>"; };
		966A065819FC35D100C6C82D /* Images.xcassets */ = {isa = PBXFileReference; lastKnownFileType = folder.assetcatalog; path = Images.xcassets; sourceTree = "<group>"; };
		966A065B19FC35D100C6C82D /* Base */ = {isa = PBXFileReference; lastKnownFileType = file.xib; name = Base; path = Base.lproj/LaunchScreen.xib; sourceTree = "<group>"; };
		966A066119FC35D100C6C82D /* StudyHuddleTests.xctest */ = {isa = PBXFileReference; explicitFileType = wrapper.cfbundle; includeInIndex = 0; path = StudyHuddleTests.xctest; sourceTree = BUILT_PRODUCTS_DIR; };
		966A066619FC35D100C6C82D /* Info.plist */ = {isa = PBXFileReference; lastKnownFileType = text.plist.xml; path = Info.plist; sourceTree = "<group>"; };
		966A066719FC35D100C6C82D /* StudyHuddleTests.m */ = {isa = PBXFileReference; lastKnownFileType = sourcecode.c.objc; path = StudyHuddleTests.m; sourceTree = "<group>"; };
/* End PBXFileReference section */

/* Begin PBXFrameworksBuildPhase section */
		966A064219FC35D100C6C82D /* Frameworks */ = {
			isa = PBXFrameworksBuildPhase;
			buildActionMask = 2147483647;
			files = (
			);
			runOnlyForDeploymentPostprocessing = 0;
		};
		966A065E19FC35D100C6C82D /* Frameworks */ = {
			isa = PBXFrameworksBuildPhase;
			buildActionMask = 2147483647;
			files = (
			);
			runOnlyForDeploymentPostprocessing = 0;
		};
/* End PBXFrameworksBuildPhase section */

/* Begin PBXGroup section */
		966A063C19FC35D100C6C82D = {
			isa = PBXGroup;
			children = (
				966A064719FC35D100C6C82D /* StudyHuddle */,
				966A066419FC35D100C6C82D /* StudyHuddleTests */,
				966A064619FC35D100C6C82D /* Products */,
			);
			sourceTree = "<group>";
		};
		966A064619FC35D100C6C82D /* Products */ = {
			isa = PBXGroup;
			children = (
				966A064519FC35D100C6C82D /* StudyHuddle.app */,
				966A066119FC35D100C6C82D /* StudyHuddleTests.xctest */,
			);
			name = Products;
			sourceTree = "<group>";
		};
		966A064719FC35D100C6C82D /* StudyHuddle */ = {
			isa = PBXGroup;
			children = (
				966A067519FC4AE300C6C82D /* Views */,
				966A064C19FC35D100C6C82D /* AppDelegate.h */,
				966A064D19FC35D100C6C82D /* AppDelegate.m */,
				966A065819FC35D100C6C82D /* Images.xcassets */,
				966A067119FC36D700C6C82D /* Images */,
				966A064819FC35D100C6C82D /* Supporting Files */,
			);
			path = StudyHuddle;
			sourceTree = "<group>";
		};
		966A064819FC35D100C6C82D /* Supporting Files */ = {
			isa = PBXGroup;
			children = (
				966A064919FC35D100C6C82D /* Info.plist */,
				966A064A19FC35D100C6C82D /* main.m */,
			);
			name = "Supporting Files";
			sourceTree = "<group>";
		};
		966A066419FC35D100C6C82D /* StudyHuddleTests */ = {
			isa = PBXGroup;
			children = (
				966A066719FC35D100C6C82D /* StudyHuddleTests.m */,
				966A066519FC35D100C6C82D /* Supporting Files */,
			);
			path = StudyHuddleTests;
			sourceTree = "<group>";
		};
		966A066519FC35D100C6C82D /* Supporting Files */ = {
			isa = PBXGroup;
			children = (
				966A066619FC35D100C6C82D /* Info.plist */,
			);
			name = "Supporting Files";
			sourceTree = "<group>";
		};
		966A067119FC36D700C6C82D /* Images */ = {
			isa = PBXGroup;
			children = (
				966A067419FC372200C6C82D /* Retina HD */,
				966A067319FC371C00C6C82D /* Retina */,
				966A067219FC370E00C6C82D /* Standard */,
			);
			name = Images;
			sourceTree = "<group>";
		};
		966A067219FC370E00C6C82D /* Standard */ = {
			isa = PBXGroup;
			children = (
			);
			name = Standard;
			sourceTree = "<group>";
		};
		966A067319FC371C00C6C82D /* Retina */ = {
			isa = PBXGroup;
			children = (
			);
			name = Retina;
			sourceTree = "<group>";
		};
		966A067419FC372200C6C82D /* Retina HD */ = {
			isa = PBXGroup;
			children = (
			);
			name = "Retina HD";
			sourceTree = "<group>";
		};
		966A067519FC4AE300C6C82D /* Views */ = {
			isa = PBXGroup;
			children = (
				966A065A19FC35D100C6C82D /* LaunchScreen.xib */,
			);
			name = Views;
			sourceTree = "<group>";
		};
/* End PBXGroup section */

/* Begin PBXNativeTarget section */
		966A064419FC35D100C6C82D /* StudyHuddle */ = {
			isa = PBXNativeTarget;
			buildConfigurationList = 966A066B19FC35D100C6C82D /* Build configuration list for PBXNativeTarget "StudyHuddle" */;
			buildPhases = (
				966A064119FC35D100C6C82D /* Sources */,
				966A064219FC35D100C6C82D /* Frameworks */,
				966A064319FC35D100C6C82D /* Resources */,
			);
			buildRules = (
			);
			dependencies = (
			);
			name = StudyHuddle;
			productName = StudyHuddle;
			productReference = 966A064519FC35D100C6C82D /* StudyHuddle.app */;
			productType = "com.apple.product-type.application";
		};
		966A066019FC35D100C6C82D /* StudyHuddleTests */ = {
			isa = PBXNativeTarget;
			buildConfigurationList = 966A066E19FC35D100C6C82D /* Build configuration list for PBXNativeTarget "StudyHuddleTests" */;
			buildPhases = (
				966A065D19FC35D100C6C82D /* Sources */,
				966A065E19FC35D100C6C82D /* Frameworks */,
				966A065F19FC35D100C6C82D /* Resources */,
			);
			buildRules = (
			);
			dependencies = (
				966A066319FC35D100C6C82D /* PBXTargetDependency */,
			);
			name = StudyHuddleTests;
			productName = StudyHuddleTests;
			productReference = 966A066119FC35D100C6C82D /* StudyHuddleTests.xctest */;
			productType = "com.apple.product-type.bundle.unit-test";
		};
/* End PBXNativeTarget section */

/* Begin PBXProject section */
		966A063D19FC35D100C6C82D /* Project object */ = {
			isa = PBXProject;
			attributes = {
				LastUpgradeCheck = 0610;
				ORGANIZATIONNAME = "Study Huddle LLC";
				TargetAttributes = {
					966A064419FC35D100C6C82D = {
						CreatedOnToolsVersion = 6.1;
					};
					966A066019FC35D100C6C82D = {
						CreatedOnToolsVersion = 6.1;
						TestTargetID = 966A064419FC35D100C6C82D;
					};
				};
			};
			buildConfigurationList = 966A064019FC35D100C6C82D /* Build configuration list for PBXProject "StudyHuddle" */;
			compatibilityVersion = "Xcode 3.2";
			developmentRegion = English;
			hasScannedForEncodings = 0;
			knownRegions = (
				en,
				Base,
			);
			mainGroup = 966A063C19FC35D100C6C82D;
			productRefGroup = 966A064619FC35D100C6C82D /* Products */;
			projectDirPath = "";
			projectRoot = "";
			targets = (
				966A064419FC35D100C6C82D /* StudyHuddle */,
				966A066019FC35D100C6C82D /* StudyHuddleTests */,
			);
		};
/* End PBXProject section */

/* Begin PBXResourcesBuildPhase section */
		966A064319FC35D100C6C82D /* Resources */ = {
			isa = PBXResourcesBuildPhase;
			buildActionMask = 2147483647;
			files = (
				966A065C19FC35D100C6C82D /* LaunchScreen.xib in Resources */,
				966A065919FC35D100C6C82D /* Images.xcassets in Resources */,
			);
			runOnlyForDeploymentPostprocessing = 0;
		};
		966A065F19FC35D100C6C82D /* Resources */ = {
			isa = PBXResourcesBuildPhase;
			buildActionMask = 2147483647;
			files = (
			);
			runOnlyForDeploymentPostprocessing = 0;
		};
/* End PBXResourcesBuildPhase section */

/* Begin PBXSourcesBuildPhase section */
		966A064119FC35D100C6C82D /* Sources */ = {
			isa = PBXSourcesBuildPhase;
			buildActionMask = 2147483647;
			files = (
				966A064E19FC35D100C6C82D /* AppDelegate.m in Sources */,
				966A064B19FC35D100C6C82D /* main.m in Sources */,
			);
			runOnlyForDeploymentPostprocessing = 0;
		};
		966A065D19FC35D100C6C82D /* Sources */ = {
			isa = PBXSourcesBuildPhase;
			buildActionMask = 2147483647;
			files = (
				966A066819FC35D100C6C82D /* StudyHuddleTests.m in Sources */,
			);
			runOnlyForDeploymentPostprocessing = 0;
		};
/* End PBXSourcesBuildPhase section */

/* Begin PBXTargetDependency section */
		966A066319FC35D100C6C82D /* PBXTargetDependency */ = {
			isa = PBXTargetDependency;
			target = 966A064419FC35D100C6C82D /* StudyHuddle */;
			targetProxy = 966A066219FC35D100C6C82D /* PBXContainerItemProxy */;
		};
/* End PBXTargetDependency section */

/* Begin PBXVariantGroup section */
		966A065A19FC35D100C6C82D /* LaunchScreen.xib */ = {
			isa = PBXVariantGroup;
			children = (
				966A065B19FC35D100C6C82D /* Base */,
			);
			name = LaunchScreen.xib;
			sourceTree = "<group>";
		};
/* End PBXVariantGroup section */

/* Begin XCBuildConfiguration section */
		966A066919FC35D100C6C82D /* Debug */ = {
			isa = XCBuildConfiguration;
			buildSettings = {
				ALWAYS_SEARCH_USER_PATHS = NO;
				CLANG_CXX_LANGUAGE_STANDARD = "gnu++0x";
				CLANG_CXX_LIBRARY = "libc++";
				CLANG_ENABLE_MODULES = YES;
				CLANG_ENABLE_OBJC_ARC = YES;
				CLANG_WARN_BOOL_CONVERSION = YES;
				CLANG_WARN_CONSTANT_CONVERSION = YES;
				CLANG_WARN_DIRECT_OBJC_ISA_USAGE = YES_ERROR;
				CLANG_WARN_EMPTY_BODY = YES;
				CLANG_WARN_ENUM_CONVERSION = YES;
				CLANG_WARN_INT_CONVERSION = YES;
				CLANG_WARN_OBJC_ROOT_CLASS = YES_ERROR;
				CLANG_WARN_UNREACHABLE_CODE = YES;
				CLANG_WARN__DUPLICATE_METHOD_MATCH = YES;
				"CODE_SIGN_IDENTITY[sdk=iphoneos*]" = "iPhone Developer";
				COPY_PHASE_STRIP = NO;
				ENABLE_STRICT_OBJC_MSGSEND = YES;
				GCC_C_LANGUAGE_STANDARD = gnu99;
				GCC_DYNAMIC_NO_PIC = NO;
				GCC_OPTIMIZATION_LEVEL = 0;
				GCC_PREPROCESSOR_DEFINITIONS = (
					"DEBUG=1",
					"$(inherited)",
				);
				GCC_SYMBOLS_PRIVATE_EXTERN = NO;
				GCC_WARN_64_TO_32_BIT_CONVERSION = YES;
				GCC_WARN_ABOUT_RETURN_TYPE = YES_ERROR;
				GCC_WARN_UNDECLARED_SELECTOR = YES;
				GCC_WARN_UNINITIALIZED_AUTOS = YES_AGGRESSIVE;
				GCC_WARN_UNUSED_FUNCTION = YES;
				GCC_WARN_UNUSED_VARIABLE = YES;
				IPHONEOS_DEPLOYMENT_TARGET = 8.1;
				MTL_ENABLE_DEBUG_INFO = YES;
				ONLY_ACTIVE_ARCH = YES;
				SDKROOT = iphoneos;
				TARGETED_DEVICE_FAMILY = "1,2";
			};
			name = Debug;
		};
		966A066A19FC35D100C6C82D /* Release */ = {
			isa = XCBuildConfiguration;
			buildSettings = {
				ALWAYS_SEARCH_USER_PATHS = NO;
				CLANG_CXX_LANGUAGE_STANDARD = "gnu++0x";
				CLANG_CXX_LIBRARY = "libc++";
				CLANG_ENABLE_MODULES = YES;
				CLANG_ENABLE_OBJC_ARC = YES;
				CLANG_WARN_BOOL_CONVERSION = YES;
				CLANG_WARN_CONSTANT_CONVERSION = YES;
				CLANG_WARN_DIRECT_OBJC_ISA_USAGE = YES_ERROR;
				CLANG_WARN_EMPTY_BODY = YES;
				CLANG_WARN_ENUM_CONVERSION = YES;
				CLANG_WARN_INT_CONVERSION = YES;
				CLANG_WARN_OBJC_ROOT_CLASS = YES_ERROR;
				CLANG_WARN_UNREACHABLE_CODE = YES;
				CLANG_WARN__DUPLICATE_METHOD_MATCH = YES;
				"CODE_SIGN_IDENTITY[sdk=iphoneos*]" = "iPhone Developer";
				COPY_PHASE_STRIP = YES;
				ENABLE_NS_ASSERTIONS = NO;
				ENABLE_STRICT_OBJC_MSGSEND = YES;
				GCC_C_LANGUAGE_STANDARD = gnu99;
				GCC_WARN_64_TO_32_BIT_CONVERSION = YES;
				GCC_WARN_ABOUT_RETURN_TYPE = YES_ERROR;
				GCC_WARN_UNDECLARED_SELECTOR = YES;
				GCC_WARN_UNINITIALIZED_AUTOS = YES_AGGRESSIVE;
				GCC_WARN_UNUSED_FUNCTION = YES;
				GCC_WARN_UNUSED_VARIABLE = YES;
				IPHONEOS_DEPLOYMENT_TARGET = 8.1;
				MTL_ENABLE_DEBUG_INFO = NO;
				SDKROOT = iphoneos;
				TARGETED_DEVICE_FAMILY = "1,2";
				VALIDATE_PRODUCT = YES;
			};
			name = Release;
		};
		966A066C19FC35D100C6C82D /* Debug */ = {
			isa = XCBuildConfiguration;
			buildSettings = {
				ASSETCATALOG_COMPILER_APPICON_NAME = AppIcon;
				INFOPLIST_FILE = StudyHuddle/Info.plist;
				LD_RUNPATH_SEARCH_PATHS = "$(inherited) @executable_path/Frameworks";
				PRODUCT_NAME = "$(TARGET_NAME)";
			};
			name = Debug;
		};
		966A066D19FC35D100C6C82D /* Release */ = {
			isa = XCBuildConfiguration;
			buildSettings = {
				ASSETCATALOG_COMPILER_APPICON_NAME = AppIcon;
				INFOPLIST_FILE = StudyHuddle/Info.plist;
				LD_RUNPATH_SEARCH_PATHS = "$(inherited) @executable_path/Frameworks";
				PRODUCT_NAME = "$(TARGET_NAME)";
			};
			name = Release;
		};
		966A066F19FC35D100C6C82D /* Debug */ = {
			isa = XCBuildConfiguration;
			buildSettings = {
				BUNDLE_LOADER = "$(TEST_HOST)";
				FRAMEWORK_SEARCH_PATHS = (
					"$(SDKROOT)/Developer/Library/Frameworks",
					"$(inherited)",
				);
				GCC_PREPROCESSOR_DEFINITIONS = (
					"DEBUG=1",
					"$(inherited)",
				);
				INFOPLIST_FILE = StudyHuddleTests/Info.plist;
				LD_RUNPATH_SEARCH_PATHS = "$(inherited) @executable_path/Frameworks @loader_path/Frameworks";
				PRODUCT_NAME = "$(TARGET_NAME)";
				TEST_HOST = "$(BUILT_PRODUCTS_DIR)/StudyHuddle.app/StudyHuddle";
			};
			name = Debug;
		};
		966A067019FC35D100C6C82D /* Release */ = {
			isa = XCBuildConfiguration;
			buildSettings = {
				BUNDLE_LOADER = "$(TEST_HOST)";
				FRAMEWORK_SEARCH_PATHS = (
					"$(SDKROOT)/Developer/Library/Frameworks",
					"$(inherited)",
				);
				INFOPLIST_FILE = StudyHuddleTests/Info.plist;
				LD_RUNPATH_SEARCH_PATHS = "$(inherited) @executable_path/Frameworks @loader_path/Frameworks";
				PRODUCT_NAME = "$(TARGET_NAME)";
				TEST_HOST = "$(BUILT_PRODUCTS_DIR)/StudyHuddle.app/StudyHuddle";
			};
			name = Release;
		};
/* End XCBuildConfiguration section */

/* Begin XCConfigurationList section */
		966A064019FC35D100C6C82D /* Build configuration list for PBXProject "StudyHuddle" */ = {
			isa = XCConfigurationList;
			buildConfigurations = (
				966A066919FC35D100C6C82D /* Debug */,
				966A066A19FC35D100C6C82D /* Release */,
			);
			defaultConfigurationIsVisible = 0;
			defaultConfigurationName = Release;
		};
		966A066B19FC35D100C6C82D /* Build configuration list for PBXNativeTarget "StudyHuddle" */ = {
			isa = XCConfigurationList;
			buildConfigurations = (
				966A066C19FC35D100C6C82D /* Debug */,
				966A066D19FC35D100C6C82D /* Release */,
			);
			defaultConfigurationIsVisible = 0;
		};
		966A066E19FC35D100C6C82D /* Build configuration list for PBXNativeTarget "StudyHuddleTests" */ = {
			isa = XCConfigurationList;
			buildConfigurations = (
				966A066F19FC35D100C6C82D /* Debug */,
				966A067019FC35D100C6C82D /* Release */,
			);
			defaultConfigurationIsVisible = 0;
		};
/* End XCConfigurationList section */
	};
	rootObject = 966A063D19FC35D100C6C82D /* Project object */;
}
